
Microsoft Visual Studio Solution File, Format Version 12.00
Project("{FAE04EC0-301F-11D3-BF4B-00C04F79EFBC}") = "RidersGitHubDemo", "RidersGitHubDemo\RidersGitHubDemo.csproj", "{B15384CF-63BB-488C-86C0-4F77CA0655CB}"
EndProject
Global
	GlobalSection(SolutionConfigurationPlatforms) = preSolution
		Debug|Any CPU = Debug|Any CPU
		Release|Any CPU = Release|Any CPU
	EndGlobalSection
	GlobalSection(ProjectConfigurationPlatforms) = postSolution
		{B15384CF-63BB-488C-86C0-4F77CA0655CB}.Debug|Any CPU.ActiveCfg = Debug|Any CPU
		{B15384CF-63BB-488C-86C0-4F77CA0655CB}.Debug|Any CPU.Build.0 = Debug|Any CPU
		{B15384CF-63BB-488C-86C0-4F77CA0655CB}.Release|Any CPU.ActiveCfg = Release|Any CPU
		{B15384CF-63BB-488C-86C0-4F77CA0655CB}.Release|Any CPU.Build.0 = Release|Any CPU
	EndGlobalSection
EndGlobal
